{
  "object": {
    "pins": [
      {
        "package": "BigInt",
        "repositoryURL": "https://github.com/attaswift/BigInt.git",
        "state": {
          "branch": null,
          "revision": "018a5925f60f9e0523edd261de394a0898fe95b7",
          "version": "3.1.0"
        }
      },
      {
        "package": "CryptoSwift",
        "repositoryURL": "https://github.com/krzyzanowskim/CryptoSwift.git",
        "state": {
          "branch": null,
          "revision": "3a2acbb32ab68215ee1596ee6004da8e90c3721b",
          "version": "1.0.0"
        }
      },
      {
        "package": "EthereumAddress",
        "repositoryURL": "https://github.com/shamatar/EthereumAddress.git",
        "state": {
          "branch": null,
          "revision": "1f7020a13833c11b18575775402f2b46c77a4266",
          "version": "1.1.1"
        }
      },
      {
        "package": "SipHash",
        "repositoryURL": "https://github.com/attaswift/SipHash",
        "state": {
          "branch": null,
          "revision": "e325083424688055363bbfcb7f1a440d7d7a1bae",
          "version": "1.2.2"
        }
      }
    ]
  },
  "version": 1
}
